
Microsoft Visual Studio Solution File, Format Version 12.00
# Visual Studio Version 17
VisualStudioVersion = 17.8.34330.188
MinimumVisualStudioVersion = 10.0.40219.1
Project("{8BC9CEB8-8B4A-11D0-8D11-00A0C91BC942}") = "Lecture06-HW", "Lecture06-HW.vcxproj", "{E51C54D5-1703-414B-BCAF-52A4972B4986}"
EndProject
Global
	GlobalSection(SolutionConfigurationPlatforms) = preSolution
		Debug|x64 = Debug|x64
		Debug|x86 = Debug|x86
		Release|x64 = Release|x64
		Release|x86 = Release|x86
	EndGlobalSection
	GlobalSection(ProjectConfigurationPlatforms) = postSolution
		{E51C54D5-1703-414B-BCAF-52A4972B4986}.Debug|x64.ActiveCfg = Debug|x64
		{E51C54D5-1703-414B-BCAF-52A4972B4986}.Debug|x64.Build.0 = Debug|x64
		{E51C54D5-1703-414B-BCAF-52A4972B4986}.Debug|x86.ActiveCfg = Debug|Win32
		{E51C54D5-1703-414B-BCAF-52A4972B4986}.Debug|x86.Build.0 = Debug|Win32
		{E51C54D5-1703-414B-BCAF-52A4972B4986}.Release|x64.ActiveCfg = Release|x64
		{E51C54D5-1703-414B-BCAF-52A4972B4986}.Release|x64.Build.0 = Release|x64
		{E51C54D5-1703-414B-BCAF-52A4972B4986}.Release|x86.ActiveCfg = Release|Win32
		{E51C54D5-1703-414B-BCAF-52A4972B4986}.Release|x86.Build.0 = Release|Win32
	EndGlobalSection
	GlobalSection(SolutionProperties) = preSolution
		HideSolutionNode = FALSE
	EndGlobalSection
	GlobalSection(ExtensibilityGlobals) = postSolution
		SolutionGuid = {8C59534F-F974-4AB6-AB23-79198DD91F28}
	EndGlobalSection
EndGlobal
